
Microsoft Visual Studio Solution File, Format Version 12.00
# Visual Studio Version 17
VisualStudioVersion = 17.9.34723.18
MinimumVisualStudioVersion = 10.0.40219.1
Project("{FAE04EC0-301F-11D3-BF4B-00C04F79EFBC}") = "net.fatihanil.console.calculator", "net.fatihanil.console.calculator.csproj", "{0CAEEA36-06B0-4123-80C8-702EA674EA04}"
EndProject
Global
	GlobalSection(SolutionConfigurationPlatforms) = preSolution
		Debug|Any CPU = Debug|Any CPU
		Release|Any CPU = Release|Any CPU
	EndGlobalSection
	GlobalSection(ProjectConfigurationPlatforms) = postSolution
		{0CAEEA36-06B0-4123-80C8-702EA674EA04}.Debug|Any CPU.ActiveCfg = Debug|Any CPU
		{0CAEEA36-06B0-4123-80C8-702EA674EA04}.Debug|Any CPU.Build.0 = Debug|Any CPU
		{0CAEEA36-06B0-4123-80C8-702EA674EA04}.Release|Any CPU.ActiveCfg = Release|Any CPU
		{0CAEEA36-06B0-4123-80C8-702EA674EA04}.Release|Any CPU.Build.0 = Release|Any CPU
	EndGlobalSection
	GlobalSection(SolutionProperties) = preSolution
		HideSolutionNode = FALSE
	EndGlobalSection
	GlobalSection(ExtensibilityGlobals) = postSolution
		SolutionGuid = {D702C979-CC1F-4BBE-9A54-6A4E3A3353EB}
	EndGlobalSection
EndGlobal
